
Microsoft Visual Studio Solution File, Format Version 12.00
# Visual Studio Version 16
VisualStudioVersion = 16.0.31729.503
MinimumVisualStudioVersion = 10.0.40219.1
Project("{FAE04EC0-301F-11D3-BF4B-00C04F79EFBC}") = "TestBackEnd", "TestBackEnd\TestBackEnd.csproj", "{BBB3532F-B2CC-4B19-B1D1-05CEC72F15D3}"
EndProject
Global
	GlobalSection(SolutionConfigurationPlatforms) = preSolution
		Debug|Any CPU = Debug|Any CPU
		Release|Any CPU = Release|Any CPU
	EndGlobalSection
	GlobalSection(ProjectConfigurationPlatforms) = postSolution
		{BBB3532F-B2CC-4B19-B1D1-05CEC72F15D3}.Debug|Any CPU.ActiveCfg = Debug|Any CPU
		{BBB3532F-B2CC-4B19-B1D1-05CEC72F15D3}.Debug|Any CPU.Build.0 = Debug|Any CPU
		{BBB3532F-B2CC-4B19-B1D1-05CEC72F15D3}.Release|Any CPU.ActiveCfg = Release|Any CPU
		{BBB3532F-B2CC-4B19-B1D1-05CEC72F15D3}.Release|Any CPU.Build.0 = Release|Any CPU
	EndGlobalSection
	GlobalSection(SolutionProperties) = preSolution
		HideSolutionNode = FALSE
	EndGlobalSection
	GlobalSection(ExtensibilityGlobals) = postSolution
		SolutionGuid = {2E70B1F1-429C-46C3-A41B-AAD5B392D239}
	EndGlobalSection
EndGlobal
